
Microsoft Visual Studio Solution File, Format Version 12.00
# Visual Studio 14
VisualStudioVersion = 14.0.25420.1
MinimumVisualStudioVersion = 10.0.40219.1
Project("{159641D6-6404-4A2A-AE62-294DE0FE8301}") = "My_Project", "My_Project\My_Project.dtproj", "{5E2A9682-6937-44CA-8DE7-3A4DE1D4E066}"
EndProject
Global
	GlobalSection(SolutionConfigurationPlatforms) = preSolution
		Development|Default = Development|Default
	EndGlobalSection
	GlobalSection(ProjectConfigurationPlatforms) = postSolution
		{5E2A9682-6937-44CA-8DE7-3A4DE1D4E066}.Development|Default.ActiveCfg = Development
		{5E2A9682-6937-44CA-8DE7-3A4DE1D4E066}.Development|Default.Build.0 = Development
	EndGlobalSection
	GlobalSection(SolutionProperties) = preSolution
		HideSolutionNode = FALSE
	EndGlobalSection
EndGlobal
